// !$*UTF8*$!
{
	archiveVersion = 1;
	classes = {
	};
	objectVersion = 46;
	objects = {

/* Begin PBXBuildFile section */
		BBC7E7421B1BE036006BA7C5 /* AppDelegate.swift in Sources */ = {isa = PBXBuildFile; fileRef = BBC7E7411B1BE036006BA7C5 /* AppDelegate.swift */; };
		BBC7E7441B1BE036006BA7C5 /* ViewController.swift in Sources */ = {isa = PBXBuildFile; fileRef = BBC7E7431B1BE036006BA7C5 /* ViewController.swift */; };
		BBC7E7471B1BE036006BA7C5 /* Main.storyboard in Resources */ = {isa = PBXBuildFile; fileRef = BBC7E7451B1BE036006BA7C5 /* Main.storyboard */; };
		BBC7E7491B1BE036006BA7C5 /* Images.xcassets in Resources */ = {isa = PBXBuildFile; fileRef = BBC7E7481B1BE036006BA7C5 /* Images.xcassets */; };
		BBC7E74C1B1BE036006BA7C5 /* LaunchScreen.xib in Resources */ = {isa = PBXBuildFile; fileRef = BBC7E74A1B1BE036006BA7C5 /* LaunchScreen.xib */; };
		BBC7E7581B1BE036006BA7C5 /* facebook_codepathTests.swift in Sources */ = {isa = PBXBuildFile; fileRef = BBC7E7571B1BE036006BA7C5 /* facebook_codepathTests.swift */; };
		BBC7E7621B1BE225006BA7C5 /* FeedViewController.swift in Sources */ = {isa = PBXBuildFile; fileRef = BBC7E7611B1BE225006BA7C5 /* FeedViewController.swift */; };
/* End PBXBuildFile section */

/* Begin PBXContainerItemProxy section */
		BBC7E7521B1BE036006BA7C5 /* PBXContainerItemProxy */ = {
			isa = PBXContainerItemProxy;
			containerPortal = BBC7E7341B1BE036006BA7C5 /* Project object */;
			proxyType = 1;
			remoteGlobalIDString = BBC7E73B1B1BE036006BA7C5;
			remoteInfo = facebook_codepath;
		};
/* End PBXContainerItemProxy section */

/* Begin PBXFileReference section */
		BBC7E73C1B1BE036006BA7C5 /* facebook_codepath.app */ = {isa = PBXFileReference; explicitFileType = wrapper.application; includeInIndex = 0; path = facebook_codepath.app; sourceTree = BUILT_PRODUCTS_DIR; };
		BBC7E7401B1BE036006BA7C5 /* Info.plist */ = {isa = PBXFileReference; lastKnownFileType = text.plist.xml; path = Info.plist; sourceTree = "<group>"; };
		BBC7E7411B1BE036006BA7C5 /* AppDelegate.swift */ = {isa = PBXFileReference; lastKnownFileType = sourcecode.swift; path = AppDelegate.swift; sourceTree = "<group>"; };
		BBC7E7431B1BE036006BA7C5 /* ViewController.swift */ = {isa = PBXFileReference; lastKnownFileType = sourcecode.swift; path = ViewController.swift; sourceTree = "<group>"; };
		BBC7E7461B1BE036006BA7C5 /* Base */ = {isa = PBXFileReference; lastKnownFileType = file.storyboard; name = Base; path = Base.lproj/Main.storyboard; sourceTree = "<group>"; };
		BBC7E7481B1BE036006BA7C5 /* Images.xcassets */ = {isa = PBXFileReference; lastKnownFileType = folder.assetcatalog; path = Images.xcassets; sourceTree = "<group>"; };
		BBC7E74B1B1BE036006BA7C5 /* Base */ = {isa = PBXFileReference; lastKnownFileType = file.xib; name = Base; path = Base.lproj/LaunchScreen.xib; sourceTree = "<group>"; };
		BBC7E7511B1BE036006BA7C5 /* facebook_codepathTests.xctest */ = {isa = PBXFileReference; explicitFileType = wrapper.cfbundle; includeInIndex = 0; path = facebook_codepathTests.xctest; sourceTree = BUILT_PRODUCTS_DIR; };
		BBC7E7561B1BE036006BA7C5 /* Info.plist */ = {isa = PBXFileReference; lastKnownFileType = text.plist.xml; path = Info.plist; sourceTree = "<group>"; };
		BBC7E7571B1BE036006BA7C5 /* facebook_codepathTests.swift */ = {isa = PBXFileReference; lastKnownFileType = sourcecode.swift; path = facebook_codepathTests.swift; sourceTree = "<group>"; };
		BBC7E7611B1BE225006BA7C5 /* FeedViewController.swift */ = {isa = PBXFileReference; fileEncoding = 4; lastKnownFileType = sourcecode.swift; path = FeedViewController.swift; sourceTree = "<group>"; };
/* End PBXFileReference section */

/* Begin PBXFrameworksBuildPhase section */
		BBC7E7391B1BE036006BA7C5 /* Frameworks */ = {
			isa = PBXFrameworksBuildPhase;
			buildActionMask = 2147483647;
			files = (
			);
			runOnlyForDeploymentPostprocessing = 0;
		};
		BBC7E74E1B1BE036006BA7C5 /* Frameworks */ = {
			isa = PBXFrameworksBuildPhase;
			buildActionMask = 2147483647;
			files = (
			);
			runOnlyForDeploymentPostprocessing = 0;
		};
/* End PBXFrameworksBuildPhase section */

/* Begin PBXGroup section */
		BBC7E7331B1BE036006BA7C5 = {
			isa = PBXGroup;
			children = (
				BBC7E73E1B1BE036006BA7C5 /* facebook_codepath */,
				BBC7E7541B1BE036006BA7C5 /* facebook_codepathTests */,
				BBC7E73D1B1BE036006BA7C5 /* Products */,
			);
			sourceTree = "<group>";
		};
		BBC7E73D1B1BE036006BA7C5 /* Products */ = {
			isa = PBXGroup;
			children = (
				BBC7E73C1B1BE036006BA7C5 /* facebook_codepath.app */,
				BBC7E7511B1BE036006BA7C5 /* facebook_codepathTests.xctest */,
			);
			name = Products;
			sourceTree = "<group>";
		};
		BBC7E73E1B1BE036006BA7C5 /* facebook_codepath */ = {
			isa = PBXGroup;
			children = (
				BBC7E7411B1BE036006BA7C5 /* AppDelegate.swift */,
				BBC7E7431B1BE036006BA7C5 /* ViewController.swift */,
				BBC7E7451B1BE036006BA7C5 /* Main.storyboard */,
				BBC7E7611B1BE225006BA7C5 /* FeedViewController.swift */,
				BBC7E7481B1BE036006BA7C5 /* Images.xcassets */,
				BBC7E74A1B1BE036006BA7C5 /* LaunchScreen.xib */,
				BBC7E73F1B1BE036006BA7C5 /* Supporting Files */,
			);
			path = facebook_codepath;
			sourceTree = "<group>";
		};
		BBC7E73F1B1BE036006BA7C5 /* Supporting Files */ = {
			isa = PBXGroup;
			children = (
				BBC7E7401B1BE036006BA7C5 /* Info.plist */,
			);
			name = "Supporting Files";
			sourceTree = "<group>";
		};
		BBC7E7541B1BE036006BA7C5 /* facebook_codepathTests */ = {
			isa = PBXGroup;
			children = (
				BBC7E7571B1BE036006BA7C5 /* facebook_codepathTests.swift */,
				BBC7E7551B1BE036006BA7C5 /* Supporting Files */,
			);
			path = facebook_codepathTests;
			sourceTree = "<group>";
		};
		BBC7E7551B1BE036006BA7C5 /* Supporting Files */ = {
			isa = PBXGroup;
			children = (
				BBC7E7561B1BE036006BA7C5 /* Info.plist */,
			);
			name = "Supporting Files";
			sourceTree = "<group>";
		};
/* End PBXGroup section */

/* Begin PBXNativeTarget section */
		BBC7E73B1B1BE036006BA7C5 /* facebook_codepath */ = {
			isa = PBXNativeTarget;
			buildConfigurationList = BBC7E75B1B1BE036006BA7C5 /* Build configuration list for PBXNativeTarget "facebook_codepath" */;
			buildPhases = (
				BBC7E7381B1BE036006BA7C5 /* Sources */,
				BBC7E7391B1BE036006BA7C5 /* Frameworks */,
				BBC7E73A1B1BE036006BA7C5 /* Resources */,
			);
			buildRules = (
			);
			dependencies = (
			);
			name = facebook_codepath;
			productName = facebook_codepath;
			productReference = BBC7E73C1B1BE036006BA7C5 /* facebook_codepath.app */;
			productType = "com.apple.product-type.application";
		};
		BBC7E7501B1BE036006BA7C5 /* facebook_codepathTests */ = {
			isa = PBXNativeTarget;
			buildConfigurationList = BBC7E75E1B1BE036006BA7C5 /* Build configuration list for PBXNativeTarget "facebook_codepathTests" */;
			buildPhases = (
				BBC7E74D1B1BE036006BA7C5 /* Sources */,
				BBC7E74E1B1BE036006BA7C5 /* Frameworks */,
				BBC7E74F1B1BE036006BA7C5 /* Resources */,
			);
			buildRules = (
			);
			dependencies = (
				BBC7E7531B1BE036006BA7C5 /* PBXTargetDependency */,
			);
			name = facebook_codepathTests;
			productName = facebook_codepathTests;
			productReference = BBC7E7511B1BE036006BA7C5 /* facebook_codepathTests.xctest */;
			productType = "com.apple.product-type.bundle.unit-test";
		};
/* End PBXNativeTarget section */

/* Begin PBXProject section */
		BBC7E7341B1BE036006BA7C5 /* Project object */ = {
			isa = PBXProject;
			attributes = {
				LastUpgradeCheck = 0630;
				ORGANIZATIONNAME = "Jeff Smith";
				TargetAttributes = {
					BBC7E73B1B1BE036006BA7C5 = {
						CreatedOnToolsVersion = 6.3.2;
						DevelopmentTeam = YKZB7ULA55;
					};
					BBC7E7501B1BE036006BA7C5 = {
						CreatedOnToolsVersion = 6.3.2;
						TestTargetID = BBC7E73B1B1BE036006BA7C5;
					};
				};
			};
			buildConfigurationList = BBC7E7371B1BE036006BA7C5 /* Build configuration list for PBXProject "facebook_codepath" */;
			compatibilityVersion = "Xcode 3.2";
			developmentRegion = English;
			hasScannedForEncodings = 0;
			knownRegions = (
				en,
				Base,
			);
			mainGroup = BBC7E7331B1BE036006BA7C5;
			productRefGroup = BBC7E73D1B1BE036006BA7C5 /* Products */;
			projectDirPath = "";
			projectRoot = "";
			targets = (
				BBC7E73B1B1BE036006BA7C5 /* facebook_codepath */,
				BBC7E7501B1BE036006BA7C5 /* facebook_codepathTests */,
			);
		};
/* End PBXProject section */

/* Begin PBXResourcesBuildPhase section */
		BBC7E73A1B1BE036006BA7C5 /* Resources */ = {
			isa = PBXResourcesBuildPhase;
			buildActionMask = 2147483647;
			files = (
				BBC7E7471B1BE036006BA7C5 /* Main.storyboard in Resources */,
				BBC7E74C1B1BE036006BA7C5 /* LaunchScreen.xib in Resources */,
				BBC7E7491B1BE036006BA7C5 /* Images.xcassets in Resources */,
			);
			runOnlyForDeploymentPostprocessing = 0;
		};
		BBC7E74F1B1BE036006BA7C5 /* Resources */ = {
			isa = PBXResourcesBuildPhase;
			buildActionMask = 2147483647;
			files = (
			);
			runOnlyForDeploymentPostprocessing = 0;
		};
/* End PBXResourcesBuildPhase section */

/* Begin PBXSourcesBuildPhase section */
		BBC7E7381B1BE036006BA7C5 /* Sources */ = {
			isa = PBXSourcesBuildPhase;
			buildActionMask = 2147483647;
			files = (
				BBC7E7441B1BE036006BA7C5 /* ViewController.swift in Sources */,
				BBC7E7621B1BE225006BA7C5 /* FeedViewController.swift in Sources */,
				BBC7E7421B1BE036006BA7C5 /* AppDelegate.swift in Sources */,
			);
			runOnlyForDeploymentPostprocessing = 0;
		};
		BBC7E74D1B1BE036006BA7C5 /* Sources */ = {
			isa = PBXSourcesBuildPhase;
			buildActionMask = 2147483647;
			files = (
				BBC7E7581B1BE036006BA7C5 /* facebook_codepathTests.swift in Sources */,
			);
			runOnlyForDeploymentPostprocessing = 0;
		};
/* End PBXSourcesBuildPhase section */

/* Begin PBXTargetDependency section */
		BBC7E7531B1BE036006BA7C5 /* PBXTargetDependency */ = {
			isa = PBXTargetDependency;
			target = BBC7E73B1B1BE036006BA7C5 /* facebook_codepath */;
			targetProxy = BBC7E7521B1BE036006BA7C5 /* PBXContainerItemProxy */;
		};
/* End PBXTargetDependency section */

/* Begin PBXVariantGroup section */
		BBC7E7451B1BE036006BA7C5 /* Main.storyboard */ = {
			isa = PBXVariantGroup;
			children = (
				BBC7E7461B1BE036006BA7C5 /* Base */,
			);
			name = Main.storyboard;
			sourceTree = "<group>";
		};
		BBC7E74A1B1BE036006BA7C5 /* LaunchScreen.xib */ = {
			isa = PBXVariantGroup;
			children = (
				BBC7E74B1B1BE036006BA7C5 /* Base */,
			);
			name = LaunchScreen.xib;
			sourceTree = "<group>";
		};
/* End PBXVariantGroup section */

/* Begin XCBuildConfiguration section */
		BBC7E7591B1BE036006BA7C5 /* Debug */ = {
			isa = XCBuildConfiguration;
			buildSettings = {
				ALWAYS_SEARCH_USER_PATHS = NO;
				CLANG_CXX_LANGUAGE_STANDARD = "gnu++0x";
				CLANG_CXX_LIBRARY = "libc++";
				CLANG_ENABLE_MODULES = YES;
				CLANG_ENABLE_OBJC_ARC = YES;
				CLANG_WARN_BOOL_CONVERSION = YES;
				CLANG_WARN_CONSTANT_CONVERSION = YES;
				CLANG_WARN_DIRECT_OBJC_ISA_USAGE = YES_ERROR;
				CLANG_WARN_EMPTY_BODY = YES;
				CLANG_WARN_ENUM_CONVERSION = YES;
				CLANG_WARN_INT_CONVERSION = YES;
				CLANG_WARN_OBJC_ROOT_CLASS = YES_ERROR;
				CLANG_WARN_UNREACHABLE_CODE = YES;
				CLANG_WARN__DUPLICATE_METHOD_MATCH = YES;
				"CODE_SIGN_IDENTITY[sdk=iphoneos*]" = "iPhone Developer";
				COPY_PHASE_STRIP = NO;
				DEBUG_INFORMATION_FORMAT = "dwarf-with-dsym";
				ENABLE_STRICT_OBJC_MSGSEND = YES;
				GCC_C_LANGUAGE_STANDARD = gnu99;
				GCC_DYNAMIC_NO_PIC = NO;
				GCC_NO_COMMON_BLOCKS = YES;
				GCC_OPTIMIZATION_LEVEL = 0;
				GCC_PREPROCESSOR_DEFINITIONS = (
					"DEBUG=1",
					"$(inherited)",
				);
				GCC_SYMBOLS_PRIVATE_EXTERN = NO;
				GCC_WARN_64_TO_32_BIT_CONVERSION = YES;
				GCC_WARN_ABOUT_RETURN_TYPE = YES_ERROR;
				GCC_WARN_UNDECLARED_SELECTOR = YES;
				GCC_WARN_UNINITIALIZED_AUTOS = YES_AGGRESSIVE;
				GCC_WARN_UNUSED_FUNCTION = YES;
				GCC_WARN_UNUSED_VARIABLE = YES;
				IPHONEOS_DEPLOYMENT_TARGET = 8.3;
				MTL_ENABLE_DEBUG_INFO = YES;
				ONLY_ACTIVE_ARCH = YES;
				SDKROOT = iphoneos;
				SWIFT_OPTIMIZATION_LEVEL = "-Onone";
				TARGETED_DEVICE_FAMILY = "1,2";
			};
			name = Debug;
		};
		BBC7E75A1B1BE036006BA7C5 /* Release */ = {
			isa = XCBuildConfiguration;
			buildSettings = {
				ALWAYS_SEARCH_USER_PATHS = NO;
				CLANG_CXX_LANGUAGE_STANDARD = "gnu++0x";
				CLANG_CXX_LIBRARY = "libc++";
				CLANG_ENABLE_MODULES = YES;
				CLANG_ENABLE_OBJC_ARC = YES;
				CLANG_WARN_BOOL_CONVERSION = YES;
				CLANG_WARN_CONSTANT_CONVERSION = YES;
				CLANG_WARN_DIRECT_OBJC_ISA_USAGE = YES_ERROR;
				CLANG_WARN_EMPTY_BODY = YES;
				CLANG_WARN_ENUM_CONVERSION = YES;
				CLANG_WARN_INT_CONVERSION = YES;
				CLANG_WARN_OBJC_ROOT_CLASS = YES_ERROR;
				CLANG_WARN_UNREACHABLE_CODE = YES;
				CLANG_WARN__DUPLICATE_METHOD_MATCH = YES;
				"CODE_SIGN_IDENTITY[sdk=iphoneos*]" = "iPhone Developer";
				COPY_PHASE_STRIP = NO;
				DEBUG_INFORMATION_FORMAT = "dwarf-with-dsym";
				ENABLE_NS_ASSERTIONS = NO;
				ENABLE_STRICT_OBJC_MSGSEND = YES;
				GCC_C_LANGUAGE_STANDARD = gnu99;
				GCC_NO_COMMON_BLOCKS = YES;
				GCC_WARN_64_TO_32_BIT_CONVERSION = YES;
				GCC_WARN_ABOUT_RETURN_TYPE = YES_ERROR;
				GCC_WARN_UNDECLARED_SELECTOR = YES;
				GCC_WARN_UNINITIALIZED_AUTOS = YES_AGGRESSIVE;
				GCC_WARN_UNUSED_FUNCTION = YES;
				GCC_WARN_UNUSED_VARIABLE = YES;
				IPHONEOS_DEPLOYMENT_TARGET = 8.3;
				MTL_ENABLE_DEBUG_INFO = NO;
				SDKROOT = iphoneos;
				TARGETED_DEVICE_FAMILY = "1,2";
				VALIDATE_PRODUCT = YES;
			};
			name = Release;
		};
		BBC7E75C1B1BE036006BA7C5 /* Debug */ = {
			isa = XCBuildConfiguration;
			buildSettings = {
				ASSETCATALOG_COMPILER_APPICON_NAME = AppIcon;
				CODE_SIGN_IDENTITY = "iPhone Developer";
				"CODE_SIGN_IDENTITY[sdk=iphoneos*]" = "iPhone Developer";
				INFOPLIST_FILE = facebook_codepath/Info.plist;
				LD_RUNPATH_SEARCH_PATHS = "$(inherited) @executable_path/Frameworks";
				PRODUCT_NAME = "$(TARGET_NAME)";
				PROVISIONING_PROFILE = "";
				TARGETED_DEVICE_FAMILY = 1;
			};
			name = Debug;
		};
		BBC7E75D1B1BE036006BA7C5 /* Release */ = {
			isa = XCBuildConfiguration;
			buildSettings = {
				ASSETCATALOG_COMPILER_APPICON_NAME = AppIcon;
				CODE_SIGN_IDENTITY = "iPhone Developer";
				"CODE_SIGN_IDENTITY[sdk=iphoneos*]" = "iPhone Developer";
				INFOPLIST_FILE = facebook_codepath/Info.plist;
				LD_RUNPATH_SEARCH_PATHS = "$(inherited) @executable_path/Frameworks";
				PRODUCT_NAME = "$(TARGET_NAME)";
				PROVISIONING_PROFILE = "";
				TARGETED_DEVICE_FAMILY = 1;
			};
			name = Release;
		};
		BBC7E75F1B1BE036006BA7C5 /* Debug */ = {
			isa = XCBuildConfiguration;
			buildSettings = {
				BUNDLE_LOADER = "$(TEST_HOST)";
				FRAMEWORK_SEARCH_PATHS = (
					"$(SDKROOT)/Developer/Library/Frameworks",
					"$(inherited)",
				);
				GCC_PREPROCESSOR_DEFINITIONS = (
					"DEBUG=1",
					"$(inherited)",
				);
				INFOPLIST_FILE = facebook_codepathTests/Info.plist;
				LD_RUNPATH_SEARCH_PATHS = "$(inherited) @executable_path/Frameworks @loader_path/Frameworks";
				PRODUCT_NAME = "$(TARGET_NAME)";
				TEST_HOST = "$(BUILT_PRODUCTS_DIR)/facebook_codepath.app/facebook_codepath";
			};
			name = Debug;
		};
		BBC7E7601B1BE036006BA7C5 /* Release */ = {
			isa = XCBuildConfiguration;
			buildSettings = {
				BUNDLE_LOADER = "$(TEST_HOST)";
				FRAMEWORK_SEARCH_PATHS = (
					"$(SDKROOT)/Developer/Library/Frameworks",
					"$(inherited)",
				);
				INFOPLIST_FILE = facebook_codepathTests/Info.plist;
				LD_RUNPATH_SEARCH_PATHS = "$(inherited) @executable_path/Frameworks @loader_path/Frameworks";
				PRODUCT_NAME = "$(TARGET_NAME)";
				TEST_HOST = "$(BUILT_PRODUCTS_DIR)/facebook_codepath.app/facebook_codepath";
			};
			name = Release;
		};
/* End XCBuildConfiguration section */

/* Begin XCConfigurationList section */
		BBC7E7371B1BE036006BA7C5 /* Build configuration list for PBXProject "facebook_codepath" */ = {
			isa = XCConfigurationList;
			buildConfigurations = (
				BBC7E7591B1BE036006BA7C5 /* Debug */,
				BBC7E75A1B1BE036006BA7C5 /* Release */,
			);
			defaultConfigurationIsVisible = 0;
			defaultConfigurationName = Release;
		};
		BBC7E75B1B1BE036006BA7C5 /* Build configuration list for PBXNativeTarget "facebook_codepath" */ = {
			isa = XCConfigurationList;
			buildConfigurations = (
				BBC7E75C1B1BE036006BA7C5 /* Debug */,
				BBC7E75D1B1BE036006BA7C5 /* Release */,
			);
			defaultConfigurationIsVisible = 0;
		};
		BBC7E75E1B1BE036006BA7C5 /* Build configuration list for PBXNativeTarget "facebook_codepathTests" */ = {
			isa = XCConfigurationList;
			buildConfigurations = (
				BBC7E75F1B1BE036006BA7C5 /* Debug */,
				BBC7E7601B1BE036006BA7C5 /* Release */,
			);
			defaultConfigurationIsVisible = 0;
		};
/* End XCConfigurationList section */
	};
	rootObject = BBC7E7341B1BE036006BA7C5 /* Project object */;
}
